
Microsoft Visual Studio Solution File, Format Version 12.00
# Visual Studio Version 17
VisualStudioVersion = 17.8.34330.188
MinimumVisualStudioVersion = 10.0.40219.1
Project("{888888A0-9F3D-457C-B088-3A5042F75D52}") = "WeatherScript", "WeatherScript.pyproj", "{2BF441CA-C7E2-434B-BE81-CA33788FA78B}"
EndProject
Global
	GlobalSection(SolutionConfigurationPlatforms) = preSolution
		Debug|Any CPU = Debug|Any CPU
		Release|Any CPU = Release|Any CPU
	EndGlobalSection
	GlobalSection(ProjectConfigurationPlatforms) = postSolution
		{2BF441CA-C7E2-434B-BE81-CA33788FA78B}.Debug|Any CPU.ActiveCfg = Debug|Any CPU
		{2BF441CA-C7E2-434B-BE81-CA33788FA78B}.Release|Any CPU.ActiveCfg = Release|Any CPU
	EndGlobalSection
	GlobalSection(SolutionProperties) = preSolution
		HideSolutionNode = FALSE
	EndGlobalSection
	GlobalSection(ExtensibilityGlobals) = postSolution
		SolutionGuid = {30AC09C1-6137-4796-B0B1-3E3894869D62}
	EndGlobalSection
EndGlobal
